
Microsoft Visual Studio Solution File, Format Version 12.00
# Visual Studio Version 16
VisualStudioVersion = 16.0.29209.152
MinimumVisualStudioVersion = 10.0.40219.1
Project("{FAE04EC0-301F-11D3-BF4B-00C04F79EFBC}") = "LinuxAcademy.Azure.AI.ModerateText", "LinuxAcademy.Azure.AI.ModerateText\LinuxAcademy.Azure.AI.ModerateText.csproj", "{5DBD869A-E981-4056-9EF6-10B1997DB168}"
EndProject
Global
	GlobalSection(SolutionConfigurationPlatforms) = preSolution
		Debug|Any CPU = Debug|Any CPU
		Release|Any CPU = Release|Any CPU
	EndGlobalSection
	GlobalSection(ProjectConfigurationPlatforms) = postSolution
		{5DBD869A-E981-4056-9EF6-10B1997DB168}.Debug|Any CPU.ActiveCfg = Debug|Any CPU
		{5DBD869A-E981-4056-9EF6-10B1997DB168}.Debug|Any CPU.Build.0 = Debug|Any CPU
		{5DBD869A-E981-4056-9EF6-10B1997DB168}.Release|Any CPU.ActiveCfg = Release|Any CPU
		{5DBD869A-E981-4056-9EF6-10B1997DB168}.Release|Any CPU.Build.0 = Release|Any CPU
	EndGlobalSection
	GlobalSection(SolutionProperties) = preSolution
		HideSolutionNode = FALSE
	EndGlobalSection
	GlobalSection(ExtensibilityGlobals) = postSolution
		SolutionGuid = {20E995C0-CFAE-45CE-B763-2BF28C66D80C}
	EndGlobalSection
EndGlobal
