
Microsoft Visual Studio Solution File, Format Version 12.00
# Visual Studio Version 16
VisualStudioVersion = 16.0.29209.152
MinimumVisualStudioVersion = 10.0.40219.1
Project("{FAE04EC0-301F-11D3-BF4B-00C04F79EFBC}") = "LinuxAcademy.Azure.AI.ModerateImages", "LinuxAcademy.Azure.AI.ModerateImages\LinuxAcademy.Azure.AI.ModerateImages.csproj", "{BFA8BE5B-601F-44DE-B064-7934EF51E315}"
EndProject
Global
	GlobalSection(SolutionConfigurationPlatforms) = preSolution
		Debug|Any CPU = Debug|Any CPU
		Release|Any CPU = Release|Any CPU
	EndGlobalSection
	GlobalSection(ProjectConfigurationPlatforms) = postSolution
		{BFA8BE5B-601F-44DE-B064-7934EF51E315}.Debug|Any CPU.ActiveCfg = Debug|Any CPU
		{BFA8BE5B-601F-44DE-B064-7934EF51E315}.Debug|Any CPU.Build.0 = Debug|Any CPU
		{BFA8BE5B-601F-44DE-B064-7934EF51E315}.Release|Any CPU.ActiveCfg = Release|Any CPU
		{BFA8BE5B-601F-44DE-B064-7934EF51E315}.Release|Any CPU.Build.0 = Release|Any CPU
	EndGlobalSection
	GlobalSection(SolutionProperties) = preSolution
		HideSolutionNode = FALSE
	EndGlobalSection
	GlobalSection(ExtensibilityGlobals) = postSolution
		SolutionGuid = {4ED4E1B2-E0FD-4CB3-9E05-C06CE88D4847}
	EndGlobalSection
EndGlobal
